
Microsoft Visual Studio Solution File, Format Version 12.00
# Visual Studio Version 17
VisualStudioVersion = 17.1.32421.90
MinimumVisualStudioVersion = 10.0.40219.1
Project("{9A19103F-16F7-4668-BE54-9A1E7A4F7556}") = "RtFileExplorer", "RtFileExplorer\RtFileExplorer.csproj", "{7540F76F-F376-4197-9CDB-D8218FDF5E65}"
EndProject
Project("{9A19103F-16F7-4668-BE54-9A1E7A4F7556}") = "RtFileExplorer.ViewModel.Wpf", "RtFileExplorer.ViewModel\RtFileExplorer.ViewModel.Wpf.csproj", "{379E8287-A72A-4E3F-A900-AA4DF174D7A5}"
EndProject
Project("{9A19103F-16F7-4668-BE54-9A1E7A4F7556}") = "Utility", "Utility\Utility.csproj", "{175F5BE7-2E34-4ADC-8DEE-7499D140639F}"
EndProject
Project("{9A19103F-16F7-4668-BE54-9A1E7A4F7556}") = "RtFileExplorer.Model", "RtFileExplorer.Model\RtFileExplorer.Model.csproj", "{2756A22F-6B5A-4437-80DA-4C79B5AC5677}"
EndProject
Project("{9A19103F-16F7-4668-BE54-9A1E7A4F7556}") = "Utility.Wpf", "Utility.Wpf\Utility.Wpf.csproj", "{8C96839A-9BE7-47C6-8B4E-29AA33D8DA8F}"
EndProject
Project("{FAE04EC0-301F-11D3-BF4B-00C04F79EFBC}") = "FilePropertiesStructExporter", "FilePropertiesStructExporter\FilePropertiesStructExporter.csproj", "{9A607DF6-97B5-4F31-88E3-61C33C7717FE}"
EndProject
Global
	GlobalSection(SolutionConfigurationPlatforms) = preSolution
		Debug|Any CPU = Debug|Any CPU
		Release|Any CPU = Release|Any CPU
	EndGlobalSection
	GlobalSection(ProjectConfigurationPlatforms) = postSolution
		{7540F76F-F376-4197-9CDB-D8218FDF5E65}.Debug|Any CPU.ActiveCfg = Debug|Any CPU
		{7540F76F-F376-4197-9CDB-D8218FDF5E65}.Debug|Any CPU.Build.0 = Debug|Any CPU
		{7540F76F-F376-4197-9CDB-D8218FDF5E65}.Release|Any CPU.ActiveCfg = Release|Any CPU
		{7540F76F-F376-4197-9CDB-D8218FDF5E65}.Release|Any CPU.Build.0 = Release|Any CPU
		{379E8287-A72A-4E3F-A900-AA4DF174D7A5}.Debug|Any CPU.ActiveCfg = Debug|Any CPU
		{379E8287-A72A-4E3F-A900-AA4DF174D7A5}.Debug|Any CPU.Build.0 = Debug|Any CPU
		{379E8287-A72A-4E3F-A900-AA4DF174D7A5}.Release|Any CPU.ActiveCfg = Release|Any CPU
		{379E8287-A72A-4E3F-A900-AA4DF174D7A5}.Release|Any CPU.Build.0 = Release|Any CPU
		{175F5BE7-2E34-4ADC-8DEE-7499D140639F}.Debug|Any CPU.ActiveCfg = Debug|Any CPU
		{175F5BE7-2E34-4ADC-8DEE-7499D140639F}.Debug|Any CPU.Build.0 = Debug|Any CPU
		{175F5BE7-2E34-4ADC-8DEE-7499D140639F}.Release|Any CPU.ActiveCfg = Release|Any CPU
		{175F5BE7-2E34-4ADC-8DEE-7499D140639F}.Release|Any CPU.Build.0 = Release|Any CPU
		{2756A22F-6B5A-4437-80DA-4C79B5AC5677}.Debug|Any CPU.ActiveCfg = Debug|Any CPU
		{2756A22F-6B5A-4437-80DA-4C79B5AC5677}.Debug|Any CPU.Build.0 = Debug|Any CPU
		{2756A22F-6B5A-4437-80DA-4C79B5AC5677}.Release|Any CPU.ActiveCfg = Release|Any CPU
		{2756A22F-6B5A-4437-80DA-4C79B5AC5677}.Release|Any CPU.Build.0 = Release|Any CPU
		{8C96839A-9BE7-47C6-8B4E-29AA33D8DA8F}.Debug|Any CPU.ActiveCfg = Debug|Any CPU
		{8C96839A-9BE7-47C6-8B4E-29AA33D8DA8F}.Debug|Any CPU.Build.0 = Debug|Any CPU
		{8C96839A-9BE7-47C6-8B4E-29AA33D8DA8F}.Release|Any CPU.ActiveCfg = Release|Any CPU
		{8C96839A-9BE7-47C6-8B4E-29AA33D8DA8F}.Release|Any CPU.Build.0 = Release|Any CPU
		{9A607DF6-97B5-4F31-88E3-61C33C7717FE}.Debug|Any CPU.ActiveCfg = Debug|Any CPU
		{9A607DF6-97B5-4F31-88E3-61C33C7717FE}.Debug|Any CPU.Build.0 = Debug|Any CPU
		{9A607DF6-97B5-4F31-88E3-61C33C7717FE}.Release|Any CPU.ActiveCfg = Release|Any CPU
		{9A607DF6-97B5-4F31-88E3-61C33C7717FE}.Release|Any CPU.Build.0 = Release|Any CPU
	EndGlobalSection
	GlobalSection(SolutionProperties) = preSolution
		HideSolutionNode = FALSE
	EndGlobalSection
	GlobalSection(ExtensibilityGlobals) = postSolution
		SolutionGuid = {A8753A89-200C-476D-ADE4-A2FC177D6420}
	EndGlobalSection
EndGlobal
